PODS:
  - AFNetworking (3.2.1):
    - AFNetworking/NSURLSession (= 3.2.1)
    - AFNetworking/Reachability (= 3.2.1)
    - AFNetworking/Security (= 3.2.1)
    - AFNetworking/Serialization (= 3.2.1)
    - AFNetworking/UIKit (= 3.2.1)
  - AFNetworking/NSURLSession (3.2.1):
    - AFNetworking/Reachability
    - AFNetworking/Security
    - AFNetworking/Serialization
  - AFNetworking/Reachability (3.2.1)
  - AFNetworking/Security (3.2.1)
  - AFNetworking/Serialization (3.2.1)
  - Ono (2.1.1)

DEPENDENCIES:
  - AFNetworking
  - Ono

SPEC REPOS:
  https://github.com/cocoapods/specs.git:
    - AFNetworking
    - Ono

SPEC CHECKSUMS:
  AFNetworking: b6f891fdfaed196b46c7a83cf209e09697b94057
  Ono: 13c25831a4a66b30df93bd1fa57cf70f13c62699

PODFILE CHECKSUM: 8c9f13cbc20fb79724d3fe63870559695de1f609

COCOAPODS: 1.5.3
