// !$*UTF8*$!
{
	archiveVersion = 1;
	classes = {
	};
	objectVersion = 50;
	objects = {

/* Begin PBXBuildFile section */
		0759960D264D786217E941C0 /* libPods-ZMTranslation.a in Frameworks */ = {isa = PBXBuildFile; fileRef = 5964E161DE3E8F5C1A292BB8 /* libPods-ZMTranslation.a */; };
		54242A212133C7D300457D7E /* AppDelegate.m in Sources */ = {isa = PBXBuildFile; fileRef = 54242A202133C7D300457D7E /* AppDelegate.m */; };
		54242A242133C7D300457D7E /* ViewController.m in Sources */ = {isa = PBXBuildFile; fileRef = 54242A232133C7D300457D7E /* ViewController.m */; };
		54242A262133C7D300457D7E /* Assets.xcassets in Resources */ = {isa = PBXBuildFile; fileRef = 54242A252133C7D300457D7E /* Assets.xcassets */; };
		54242A292133C7D300457D7E /* Main.storyboard in Resources */ = {isa = PBXBuildFile; fileRef = 54242A272133C7D300457D7E /* Main.storyboard */; };
		54242A2C2133C7D300457D7E /* main.m in Sources */ = {isa = PBXBuildFile; fileRef = 54242A2B2133C7D300457D7E /* main.m */; };
		54242A352133C7E800457D7E /* ZMWordTranslator.m in Sources */ = {isa = PBXBuildFile; fileRef = 54242A342133C7E800457D7E /* ZMWordTranslator.m */; };
		54242A3C2133D64100457D7E /* HttpUtil.m in Sources */ = {isa = PBXBuildFile; fileRef = 54242A3B2133D64100457D7E /* HttpUtil.m */; };
		54242A3F2133D6EB00457D7E /* StringUtil.m in Sources */ = {isa = PBXBuildFile; fileRef = 54242A3E2133D6EA00457D7E /* StringUtil.m */; };
		543F78472134F5E30028EFC6 /* ZMAlert.m in Sources */ = {isa = PBXBuildFile; fileRef = 543F78462134F5E30028EFC6 /* ZMAlert.m */; };
		543F784C213517540028EFC6 /* icon.png in Resources */ = {isa = PBXBuildFile; fileRef = 543F784B213517540028EFC6 /* icon.png */; };
		544787902137E9E8005A7B9C /* Test.vtt in Resources */ = {isa = PBXBuildFile; fileRef = 5447878D2137E9E8005A7B9C /* Test.vtt */; };
		544787912137E9E8005A7B9C /* ZMSubtitle.m in Sources */ = {isa = PBXBuildFile; fileRef = 5447878E2137E9E8005A7B9C /* ZMSubtitle.m */; };
		544787942137EA6D005A7B9C /* ZMSubtitleTranslator.m in Sources */ = {isa = PBXBuildFile; fileRef = 544787932137EA6D005A7B9C /* ZMSubtitleTranslator.m */; };
		5447879E2137EB35005A7B9C /* ZMTranslateManager.m in Sources */ = {isa = PBXBuildFile; fileRef = 5447879D2137EB35005A7B9C /* ZMTranslateManager.m */; };
		5472D0D6213800F1003BF7B8 /* ZMFileOperation.m in Sources */ = {isa = PBXBuildFile; fileRef = 5472D0D5213800F1003BF7B8 /* ZMFileOperation.m */; };
		548D17C8213DF5FA00C7A471 /* ZMDragDropView.m in Sources */ = {isa = PBXBuildFile; fileRef = 548D17C7213DF5FA00C7A471 /* ZMDragDropView.m */; };
		548D17CC213DF95B00C7A471 /* subtitle.png in Resources */ = {isa = PBXBuildFile; fileRef = 548D17CB213DF95B00C7A471 /* subtitle.png */; };
		54A4A9642139137D00EE944E /* ZMSentenceSplitter.m in Sources */ = {isa = PBXBuildFile; fileRef = 54A4A9632139137D00EE944E /* ZMSentenceSplitter.m */; };
		54AE9458213D356E006AA781 /* AVFoundation.framework in Frameworks */ = {isa = PBXBuildFile; fileRef = 54AE9457213D356E006AA781 /* AVFoundation.framework */; };
		54AE945A213D35C4006AA781 /* libz.1.2.11.tbd in Frameworks */ = {isa = PBXBuildFile; fileRef = 54AE9459213D35C4006AA781 /* libz.1.2.11.tbd */; };
		54AE945C213D35CE006AA781 /* libiconv.2.4.0.tbd in Frameworks */ = {isa = PBXBuildFile; fileRef = 54AE945B213D35CE006AA781 /* libiconv.2.4.0.tbd */; };
		54AE945E213D35D7006AA781 /* CoreMedia.framework in Frameworks */ = {isa = PBXBuildFile; fileRef = 54AE945D213D35D7006AA781 /* CoreMedia.framework */; };
		54AE9460213D35E5006AA781 /* VideoToolbox.framework in Frameworks */ = {isa = PBXBuildFile; fileRef = 54AE945F213D35E5006AA781 /* VideoToolbox.framework */; };
		54AE9462213D3601006AA781 /* libbz2.1.0.5.tbd in Frameworks */ = {isa = PBXBuildFile; fileRef = 54AE9461213D3601006AA781 /* libbz2.1.0.5.tbd */; };
		54AE9464213D3635006AA781 /* AudioToolbox.framework in Frameworks */ = {isa = PBXBuildFile; fileRef = 54AE9463213D3635006AA781 /* AudioToolbox.framework */; };
		54C674EA213D4191002AF873 /* OpenCL.framework in Frameworks */ = {isa = PBXBuildFile; fileRef = 54C674E9213D4191002AF873 /* OpenCL.framework */; };
		54C674F9213D46B1002AF873 /* libavcodec.a in Frameworks */ = {isa = PBXBuildFile; fileRef = 54C674ED213D46B1002AF873 /* libavcodec.a */; };
		54C674FA213D46B1002AF873 /* libxvidcore.a in Frameworks */ = {isa = PBXBuildFile; fileRef = 54C674EE213D46B1002AF873 /* libxvidcore.a */; };
		54C674FB213D46B1002AF873 /* libswresample.a in Frameworks */ = {isa = PBXBuildFile; fileRef = 54C674EF213D46B1002AF873 /* libswresample.a */; };
		54C674FC213D46B1002AF873 /* libavutil.a in Frameworks */ = {isa = PBXBuildFile; fileRef = 54C674F0213D46B1002AF873 /* libavutil.a */; };
		54C674FD213D46B1002AF873 /* libavformat.a in Frameworks */ = {isa = PBXBuildFile; fileRef = 54C674F1213D46B1002AF873 /* libavformat.a */; };
		54C674FE213D46B1002AF873 /* libavdevice.a in Frameworks */ = {isa = PBXBuildFile; fileRef = 54C674F2213D46B1002AF873 /* libavdevice.a */; };
		54C674FF213D46B1002AF873 /* libavfilter.a in Frameworks */ = {isa = PBXBuildFile; fileRef = 54C674F3213D46B1002AF873 /* libavfilter.a */; };
		54C67500213D46B1002AF873 /* libavresample.a in Frameworks */ = {isa = PBXBuildFile; fileRef = 54C674F4213D46B1002AF873 /* libavresample.a */; };
		54C67501213D46B1002AF873 /* libpostproc.a in Frameworks */ = {isa = PBXBuildFile; fileRef = 54C674F5213D46B1002AF873 /* libpostproc.a */; };
		54C67502213D46B1002AF873 /* libmp3lame.a in Frameworks */ = {isa = PBXBuildFile; fileRef = 54C674F6213D46B1002AF873 /* libmp3lame.a */; };
		54C67503213D46B1002AF873 /* libswscale.a in Frameworks */ = {isa = PBXBuildFile; fileRef = 54C674F7213D46B1002AF873 /* libswscale.a */; };
		54C67504213D46B1002AF873 /* libx264.a in Frameworks */ = {isa = PBXBuildFile; fileRef = 54C674F8213D46B1002AF873 /* libx264.a */; };
		54C67597213D4770002AF873 /* libavutil.a in Frameworks */ = {isa = PBXBuildFile; fileRef = 54C6758B213D4770002AF873 /* libavutil.a */; };
		54C67598213D4770002AF873 /* libavfilter.a in Frameworks */ = {isa = PBXBuildFile; fileRef = 54C6758C213D4770002AF873 /* libavfilter.a */; };
		54C67599213D4770002AF873 /* libavcodec.a in Frameworks */ = {isa = PBXBuildFile; fileRef = 54C6758D213D4770002AF873 /* libavcodec.a */; };
		54C6759A213D4770002AF873 /* libpostproc.a in Frameworks */ = {isa = PBXBuildFile; fileRef = 54C6758E213D4770002AF873 /* libpostproc.a */; };
		54C6759B213D4770002AF873 /* libavresample.a in Frameworks */ = {isa = PBXBuildFile; fileRef = 54C6758F213D4770002AF873 /* libavresample.a */; };
		54C6759C213D4770002AF873 /* libavformat.a in Frameworks */ = {isa = PBXBuildFile; fileRef = 54C67590213D4770002AF873 /* libavformat.a */; };
		54C6759D213D4770002AF873 /* libavdevice.a in Frameworks */ = {isa = PBXBuildFile; fileRef = 54C67591213D4770002AF873 /* libavdevice.a */; };
		54C6759E213D4770002AF873 /* libmp3lame.a in Frameworks */ = {isa = PBXBuildFile; fileRef = 54C67592213D4770002AF873 /* libmp3lame.a */; };
		54C6759F213D4770002AF873 /* libswresample.a in Frameworks */ = {isa = PBXBuildFile; fileRef = 54C67593213D4770002AF873 /* libswresample.a */; };
		54C675A0213D4770002AF873 /* libxvidcore.a in Frameworks */ = {isa = PBXBuildFile; fileRef = 54C67594213D4770002AF873 /* libxvidcore.a */; };
		54C675A1213D4770002AF873 /* libswscale.a in Frameworks */ = {isa = PBXBuildFile; fileRef = 54C67595213D4770002AF873 /* libswscale.a */; };
		54C675A2213D4770002AF873 /* libx264.a in Frameworks */ = {isa = PBXBuildFile; fileRef = 54C67596213D4770002AF873 /* libx264.a */; };
/* End PBXBuildFile section */

/* Begin PBXFileReference section */
		54242A1C2133C7D200457D7E /* ZMTranslation.app */ = {isa = PBXFileReference; explicitFileType = wrapper.application; includeInIndex = 0; path = ZMTranslation.app; sourceTree = BUILT_PRODUCTS_DIR; };
		54242A1F2133C7D300457D7E /* AppDelegate.h */ = {isa = PBXFileReference; lastKnownFileType = sourcecode.c.h; path = AppDelegate.h; sourceTree = "<group>"; };
		54242A202133C7D300457D7E /* AppDelegate.m */ = {isa = PBXFileReference; lastKnownFileType = sourcecode.c.objc; path = AppDelegate.m; sourceTree = "<group>"; };
		54242A222133C7D300457D7E /* ViewController.h */ = {isa = PBXFileReference; lastKnownFileType = sourcecode.c.h; path = ViewController.h; sourceTree = "<group>"; };
		54242A232133C7D300457D7E /* ViewController.m */ = {isa = PBXFileReference; lastKnownFileType = sourcecode.c.objc; path = ViewController.m; sourceTree = "<group>"; };
		54242A252133C7D300457D7E /* Assets.xcassets */ = {isa = PBXFileReference; lastKnownFileType = folder.assetcatalog; path = Assets.xcassets; sourceTree = "<group>"; };
		54242A282133C7D300457D7E /* Base */ = {isa = PBXFileReference; lastKnownFileType = file.storyboard; name = Base; path = Base.lproj/Main.storyboard; sourceTree = "<group>"; };
		54242A2A2133C7D300457D7E /* Info.plist */ = {isa = PBXFileReference; lastKnownFileType = text.plist.xml; path = Info.plist; sourceTree = "<group>"; };
		54242A2B2133C7D300457D7E /* main.m */ = {isa = PBXFileReference; lastKnownFileType = sourcecode.c.objc; path = main.m; sourceTree = "<group>"; };
		54242A2D2133C7D300457D7E /* ZMTranslation.entitlements */ = {isa = PBXFileReference; lastKnownFileType = text.plist.entitlements; path = ZMTranslation.entitlements; sourceTree = "<group>"; };
		54242A332133C7E800457D7E /* ZMWordTranslator.h */ = {isa = PBXFileReference; lastKnownFileType = sourcecode.c.h; path = ZMWordTranslator.h; sourceTree = "<group>"; };
		54242A342133C7E800457D7E /* ZMWordTranslator.m */ = {isa = PBXFileReference; lastKnownFileType = sourcecode.c.objc; path = ZMWordTranslator.m; sourceTree = "<group>"; };
		54242A392133CEAA00457D7E /* PrefixHeader.pch */ = {isa = PBXFileReference; lastKnownFileType = sourcecode.c.h; path = PrefixHeader.pch; sourceTree = "<group>"; };
		54242A3A2133D64100457D7E /* HttpUtil.h */ = {isa = PBXFileReference; fileEncoding = 4; lastKnownFileType = sourcecode.c.h; path = HttpUtil.h; sourceTree = "<group>"; };
		54242A3B2133D64100457D7E /* HttpUtil.m */ = {isa = PBXFileReference; fileEncoding = 4; lastKnownFileType = sourcecode.c.objc; path = HttpUtil.m; sourceTree = "<group>"; };
		54242A3D2133D6EA00457D7E /* StringUtil.h */ = {isa = PBXFileReference; fileEncoding = 4; lastKnownFileType = sourcecode.c.h; path = StringUtil.h; sourceTree = "<group>"; };
		54242A3E2133D6EA00457D7E /* StringUtil.m */ = {isa = PBXFileReference; fileEncoding = 4; lastKnownFileType = sourcecode.c.objc; path = StringUtil.m; sourceTree = "<group>"; };
		543F78452134F5E30028EFC6 /* ZMAlert.h */ = {isa = PBXFileReference; fileEncoding = 4; lastKnownFileType = sourcecode.c.h; path = ZMAlert.h; sourceTree = "<group>"; };
		543F78462134F5E30028EFC6 /* ZMAlert.m */ = {isa = PBXFileReference; fileEncoding = 4; lastKnownFileType = sourcecode.c.objc; path = ZMAlert.m; sourceTree = "<group>"; };
		543F784B213517540028EFC6 /* icon.png */ = {isa = PBXFileReference; lastKnownFileType = image.png; path = icon.png; sourceTree = "<group>"; };
		5447878D2137E9E8005A7B9C /* Test.vtt */ = {isa = PBXFileReference; fileEncoding = 4; lastKnownFileType = text; path = Test.vtt; sourceTree = "<group>"; };
		5447878E2137E9E8005A7B9C /* ZMSubtitle.m */ = {isa = PBXFileReference; fileEncoding = 4; lastKnownFileType = sourcecode.c.objc; path = ZMSubtitle.m; sourceTree = "<group>"; };
		5447878F2137E9E8005A7B9C /* ZMSubtitle.h */ = {isa = PBXFileReference; fileEncoding = 4; lastKnownFileType = sourcecode.c.h; path = ZMSubtitle.h; sourceTree = "<group>"; };
		544787922137EA6D005A7B9C /* ZMSubtitleTranslator.h */ = {isa = PBXFileReference; lastKnownFileType = sourcecode.c.h; path = ZMSubtitleTranslator.h; sourceTree = "<group>"; };
		544787932137EA6D005A7B9C /* ZMSubtitleTranslator.m */ = {isa = PBXFileReference; lastKnownFileType = sourcecode.c.objc; path = ZMSubtitleTranslator.m; sourceTree = "<group>"; };
		5447879C2137EB35005A7B9C /* ZMTranslateManager.h */ = {isa = PBXFileReference; lastKnownFileType = sourcecode.c.h; path = ZMTranslateManager.h; sourceTree = "<group>"; };
		5447879D2137EB35005A7B9C /* ZMTranslateManager.m */ = {isa = PBXFileReference; lastKnownFileType = sourcecode.c.objc; path = ZMTranslateManager.m; sourceTree = "<group>"; };
		5472D0D4213800F1003BF7B8 /* ZMFileOperation.h */ = {isa = PBXFileReference; lastKnownFileType = sourcecode.c.h; path = ZMFileOperation.h; sourceTree = "<group>"; };
		5472D0D5213800F1003BF7B8 /* ZMFileOperation.m */ = {isa = PBXFileReference; lastKnownFileType = sourcecode.c.objc; path = ZMFileOperation.m; sourceTree = "<group>"; };
		548D17C6213DF5FA00C7A471 /* ZMDragDropView.h */ = {isa = PBXFileReference; lastKnownFileType = sourcecode.c.h; path = ZMDragDropView.h; sourceTree = "<group>"; };
		548D17C7213DF5FA00C7A471 /* ZMDragDropView.m */ = {isa = PBXFileReference; lastKnownFileType = sourcecode.c.objc; path = ZMDragDropView.m; sourceTree = "<group>"; };
		548D17CB213DF95B00C7A471 /* subtitle.png */ = {isa = PBXFileReference; lastKnownFileType = image.png; path = subtitle.png; sourceTree = "<group>"; };
		54A4A9622139137D00EE944E /* ZMSentenceSplitter.h */ = {isa = PBXFileReference; lastKnownFileType = sourcecode.c.h; path = ZMSentenceSplitter.h; sourceTree = "<group>"; };
		54A4A9632139137D00EE944E /* ZMSentenceSplitter.m */ = {isa = PBXFileReference; lastKnownFileType = sourcecode.c.objc; path = ZMSentenceSplitter.m; sourceTree = "<group>"; };
		54AE9457213D356E006AA781 /* AVFoundation.framework */ = {isa = PBXFileReference; lastKnownFileType = wrapper.framework; name = AVFoundation.framework; path = System/Library/Frameworks/AVFoundation.framework; sourceTree = SDKROOT; };
		54AE9459213D35C4006AA781 /* libz.1.2.11.tbd */ = {isa = PBXFileReference; lastKnownFileType = "sourcecode.text-based-dylib-definition"; name = libz.1.2.11.tbd; path = usr/lib/libz.1.2.11.tbd; sourceTree = SDKROOT; };
		54AE945B213D35CE006AA781 /* libiconv.2.4.0.tbd */ = {isa = PBXFileReference; lastKnownFileType = "sourcecode.text-based-dylib-definition"; name = libiconv.2.4.0.tbd; path = usr/lib/libiconv.2.4.0.tbd; sourceTree = SDKROOT; };
		54AE945D213D35D7006AA781 /* CoreMedia.framework */ = {isa = PBXFileReference; lastKnownFileType = wrapper.framework; name = CoreMedia.framework; path = System/Library/Frameworks/CoreMedia.framework; sourceTree = SDKROOT; };
		54AE945F213D35E5006AA781 /* VideoToolbox.framework */ = {isa = PBXFileReference; lastKnownFileType = wrapper.framework; name = VideoToolbox.framework; path = System/Library/Frameworks/VideoToolbox.framework; sourceTree = SDKROOT; };
		54AE9461213D3601006AA781 /* libbz2.1.0.5.tbd */ = {isa = PBXFileReference; lastKnownFileType = "sourcecode.text-based-dylib-definition"; name = libbz2.1.0.5.tbd; path = usr/lib/libbz2.1.0.5.tbd; sourceTree = SDKROOT; };
		54AE9463213D3635006AA781 /* AudioToolbox.framework */ = {isa = PBXFileReference; lastKnownFileType = wrapper.framework; name = AudioToolbox.framework; path = System/Library/Frameworks/AudioToolbox.framework; sourceTree = SDKROOT; };
		54C674E9213D4191002AF873 /* OpenCL.framework */ = {isa = PBXFileReference; lastKnownFileType = wrapper.framework; name = OpenCL.framework; path = System/Library/Frameworks/OpenCL.framework; sourceTree = SDKROOT; };
		54C674ED213D46B1002AF873 /* libavcodec.a */ = {isa = PBXFileReference; lastKnownFileType = archive.ar; name = libavcodec.a; path = FFmpeg/lib/libavcodec.a; sourceTree = "<group>"; };
		54C674EE213D46B1002AF873 /* libxvidcore.a */ = {isa = PBXFileReference; lastKnownFileType = archive.ar; name = libxvidcore.a; path = FFmpeg/lib/libxvidcore.a; sourceTree = "<group>"; };
		54C674EF213D46B1002AF873 /* libswresample.a */ = {isa = PBXFileReference; lastKnownFileType = archive.ar; name = libswresample.a; path = FFmpeg/lib/libswresample.a; sourceTree = "<group>"; };
		54C674F0213D46B1002AF873 /* libavutil.a */ = {isa = PBXFileReference; lastKnownFileType = archive.ar; name = libavutil.a; path = FFmpeg/lib/libavutil.a; sourceTree = "<group>"; };
		54C674F1213D46B1002AF873 /* libavformat.a */ = {isa = PBXFileReference; lastKnownFileType = archive.ar; name = libavformat.a; path = FFmpeg/lib/libavformat.a; sourceTree = "<group>"; };
		54C674F2213D46B1002AF873 /* libavdevice.a */ = {isa = PBXFileReference; lastKnownFileType = archive.ar; name = libavdevice.a; path = FFmpeg/lib/libavdevice.a; sourceTree = "<group>"; };
		54C674F3213D46B1002AF873 /* libavfilter.a */ = {isa = PBXFileReference; lastKnownFileType = archive.ar; name = libavfilter.a; path = FFmpeg/lib/libavfilter.a; sourceTree = "<group>"; };
		54C674F4213D46B1002AF873 /* libavresample.a */ = {isa = PBXFileReference; lastKnownFileType = archive.ar; name = libavresample.a; path = FFmpeg/lib/libavresample.a; sourceTree = "<group>"; };
		54C674F5213D46B1002AF873 /* libpostproc.a */ = {isa = PBXFileReference; lastKnownFileType = archive.ar; name = libpostproc.a; path = FFmpeg/lib/libpostproc.a; sourceTree = "<group>"; };
		54C674F6213D46B1002AF873 /* libmp3lame.a */ = {isa = PBXFileReference; lastKnownFileType = archive.ar; name = libmp3lame.a; path = FFmpeg/lib/libmp3lame.a; sourceTree = "<group>"; };
		54C674F7213D46B1002AF873 /* libswscale.a */ = {isa = PBXFileReference; lastKnownFileType = archive.ar; name = libswscale.a; path = FFmpeg/lib/libswscale.a; sourceTree = "<group>"; };
		54C674F8213D46B1002AF873 /* libx264.a */ = {isa = PBXFileReference; lastKnownFileType = archive.ar; name = libx264.a; path = FFmpeg/lib/libx264.a; sourceTree = "<group>"; };
		54C67508213D476F002AF873 /* version.h */ = {isa = PBXFileReference; fileEncoding = 4; lastKnownFileType = sourcecode.c.h; path = version.h; sourceTree = "<group>"; };
		54C67509213D476F002AF873 /* postprocess.h */ = {isa = PBXFileReference; fileEncoding = 4; lastKnownFileType = sourcecode.c.h; path = postprocess.h; sourceTree = "<group>"; };
		54C6750B213D476F002AF873 /* version.h */ = {isa = PBXFileReference; fileEncoding = 4; lastKnownFileType = sourcecode.c.h; path = version.h; sourceTree = "<group>"; };
		54C6750C213D476F002AF873 /* buffersrc.h */ = {isa = PBXFileReference; fileEncoding = 4; lastKnownFileType = sourcecode.c.h; path = buffersrc.h; sourceTree = "<group>"; };
		54C6750D213D476F002AF873 /* buffersink.h */ = {isa = PBXFileReference; fileEncoding = 4; lastKnownFileType = sourcecode.c.h; path = buffersink.h; sourceTree = "<group>"; };
		54C6750E213D476F002AF873 /* avfilter.h */ = {isa = PBXFileReference; fileEncoding = 4; lastKnownFileType = sourcecode.c.h; path = avfilter.h; sourceTree = "<group>"; };
		54C67510213D476F002AF873 /* hwcontext.h */ = {isa = PBXFileReference; fileEncoding = 4; lastKnownFileType = sourcecode.c.h; path = hwcontext.h; sourceTree = "<group>"; };
		54C67511213D476F002AF873 /* time.h */ = {isa = PBXFileReference; fileEncoding = 4; lastKnownFileType = sourcecode.c.h; path = time.h; sourceTree = "<group>"; };
		54C67512213D476F002AF873 /* hwcontext_cuda.h */ = {isa = PBXFileReference; fileEncoding = 4; lastKnownFileType = sourcecode.c.h; path = hwcontext_cuda.h; sourceTree = "<group>"; };
		54C67513213D476F002AF873 /* intfloat.h */ = {isa = PBXFileReference; fileEncoding = 4; lastKnownFileType = sourcecode.c.h; path = intfloat.h; sourceTree = "<group>"; };
		54C67514213D476F002AF873 /* error.h */ = {isa = PBXFileReference; fileEncoding = 4; lastKnownFileType = sourcecode.c.h; path = error.h; sourceTree = "<group>"; };
		54C67515213D476F002AF873 /* fifo.h */ = {isa = PBXFileReference; fileEncoding = 4; lastKnownFileType = sourcecode.c.h; path = fifo.h; sourceTree = "<group>"; };
		54C67516213D476F002AF873 /* blowfish.h */ = {isa = PBXFileReference; fileEncoding = 4; lastKnownFileType = sourcecode.c.h; path = blowfish.h; sourceTree = "<group>"; };
		54C67517213D476F002AF873 /* hwcontext_mediacodec.h */ = {isa = PBXFileReference; fileEncoding = 4; lastKnownFileType = sourcecode.c.h; path = hwcontext_mediacodec.h; sourceTree = "<group>"; };
		54C67518213D476F002AF873 /* replaygain.h */ = {isa = PBXFileReference; fileEncoding = 4; lastKnownFileType = sourcecode.c.h; path = replaygain.h; sourceTree = "<group>"; };
		54C67519213D476F002AF873 /* version.h */ = {isa = PBXFileReference; fileEncoding = 4; lastKnownFileType = sourcecode.c.h; path = version.h; sourceTree = "<group>"; };
		54C6751A213D476F002AF873 /* murmur3.h */ = {isa = PBXFileReference; fileEncoding = 4; lastKnownFileType = sourcecode.c.h; path = murmur3.h; sourceTree = "<group>"; };
		54C6751B213D476F002AF873 /* stereo3d.h */ = {isa = PBXFileReference; fileEncoding = 4; lastKnownFileType = sourcecode.c.h; path = stereo3d.h; sourceTree = "<group>"; };
		54C6751C213D476F002AF873 /* samplefmt.h */ = {isa = PBXFileReference; fileEncoding = 4; lastKnownFileType = sourcecode.c.h; path = samplefmt.h; sourceTree = "<group>"; };
		54C6751D213D476F002AF873 /* pixdesc.h */ = {isa = PBXFileReference; fileEncoding = 4; lastKnownFileType = sourcecode.c.h; path = pixdesc.h; sourceTree = "<group>"; };
		54C6751E213D476F002AF873 /* base64.h */ = {isa = PBXFileReference; fileEncoding = 4; lastKnownFileType = sourcecode.c.h; path = base64.h; sourceTree = "<group>"; };
		54C6751F213D476F002AF873 /* rational.h */ = {isa = PBXFileReference; fileEncoding = 4; lastKnownFileType = sourcecode.c.h; path = rational.h; sourceTree = "<group>"; };
		54C67520213D476F002AF873 /* sha.h */ = {isa = PBXFileReference; fileEncoding = 4; lastKnownFileType = sourcecode.c.h; path = sha.h; sourceTree = "<group>"; };
		54C67521213D476F002AF873 /* motion_vector.h */ = {isa = PBXFileReference; fileEncoding = 4; lastKnownFileType = sourcecode.c.h; path = motion_vector.h; sourceTree = "<group>"; };
		54C67522213D476F002AF873 /* avconfig.h */ = {isa = PBXFileReference; fileEncoding = 4; lastKnownFileType = sourcecode.c.h; path = avconfig.h; sourceTree = "<group>"; };
		54C67523213D476F002AF873 /* lfg.h */ = {isa = PBXFileReference; fileEncoding = 4; lastKnownFileType = sourcecode.c.h; path = lfg.h; sourceTree = "<group>"; };
		54C67524213D476F002AF873 /* avutil.h */ = {isa = PBXFileReference; fileEncoding = 4; lastKnownFileType = sourcecode.c.h; path = avutil.h; sourceTree = "<group>"; };
		54C67525213D476F002AF873 /* xtea.h */ = {isa = PBXFileReference; fileEncoding = 4; lastKnownFileType = sourcecode.c.h; path = xtea.h; sourceTree = "<group>"; };
		54C67526213D476F002AF873 /* crc.h */ = {isa = PBXFileReference; fileEncoding = 4; lastKnownFileType = sourcecode.c.h; path = crc.h; sourceTree = "<group>"; };
		54C67527213D476F002AF873 /* hwcontext_vdpau.h */ = {isa = PBXFileReference; fileEncoding = 4; lastKnownFileType = sourcecode.c.h; path = hwcontext_vdpau.h; sourceTree = "<group>"; };
		54C67528213D476F002AF873 /* frame.h */ = {isa = PBXFileReference; fileEncoding = 4; lastKnownFileType = sourcecode.c.h; path = frame.h; sourceTree = "<group>"; };
		54C67529213D476F002AF873 /* file.h */ = {isa = PBXFileReference; fileEncoding = 4; lastKnownFileType = sourcecode.c.h; path = file.h; sourceTree = "<group>"; };
		54C6752A213D476F002AF873 /* md5.h */ = {isa = PBXFileReference; fileEncoding = 4; lastKnownFileType = sourcecode.c.h; path = md5.h; sourceTree = "<group>"; };
		54C6752B213D476F002AF873 /* cast5.h */ = {isa = PBXFileReference; fileEncoding = 4; lastKnownFileType = sourcecode.c.h; path = cast5.h; sourceTree = "<group>"; };
		54C6752C213D476F002AF873 /* hwcontext_vaapi.h */ = {isa = PBXFileReference; fileEncoding = 4; lastKnownFileType = sourcecode.c.h; path = hwcontext_vaapi.h; sourceTree = "<group>"; };
		54C6752D213D476F002AF873 /* spherical.h */ = {isa = PBXFileReference; fileEncoding = 4; lastKnownFileType = sourcecode.c.h; path = spherical.h; sourceTree = "<group>"; };
		54C6752E213D476F002AF873 /* ffversion.h */ = {isa = PBXFileReference; fileEncoding = 4; lastKnownFileType = sourcecode.c.h; path = ffversion.h; sourceTree = "<group>"; };
		54C6752F213D476F002AF873 /* audio_fifo.h */ = {isa = PBXFileReference; fileEncoding = 4; lastKnownFileType = sourcecode.c.h; path = audio_fifo.h; sourceTree = "<group>"; };
		54C67530213D476F002AF873 /* tree.h */ = {isa = PBXFileReference; fileEncoding = 4; lastKnownFileType = sourcecode.c.h; path = tree.h; sourceTree = "<group>"; };
		54C67531213D476F002AF873 /* threadmessage.h */ = {isa = PBXFileReference; fileEncoding = 4; lastKnownFileType = sourcecode.c.h; path = threadmessage.h; sourceTree = "<group>"; };
		54C67532213D476F002AF873 /* attributes.h */ = {isa = PBXFileReference; fileEncoding = 4; lastKnownFileType = sourcecode.c.h; path = attributes.h; sourceTree = "<group>"; };
		54C67533213D476F002AF873 /* adler32.h */ = {isa = PBXFileReference; fileEncoding = 4; lastKnownFileType = sourcecode.c.h; path = adler32.h; sourceTree = "<group>"; };
		54C67534213D476F002AF873 /* hwcontext_d3d11va.h */ = {isa = PBXFileReference; fileEncoding = 4; lastKnownFileType = sourcecode.c.h; path = hwcontext_d3d11va.h; sourceTree = "<group>"; };
		54C67535213D476F002AF873 /* timecode.h */ = {isa = PBXFileReference; fileEncoding = 4; lastKnownFileType = sourcecode.c.h; path = timecode.h; sourceTree = "<group>"; };
		54C67536213D476F002AF873 /* sha512.h */ = {isa = PBXFileReference; fileEncoding = 4; lastKnownFileType = sourcecode.c.h; path = sha512.h; sourceTree = "<group>"; };
		54C67537213D476F002AF873 /* hwcontext_dxva2.h */ = {isa = PBXFileReference; fileEncoding = 4; lastKnownFileType = sourcecode.c.h; path = hwcontext_dxva2.h; sourceTree = "<group>"; };
		54C67538213D476F002AF873 /* display.h */ = {isa = PBXFileReference; fileEncoding = 4; lastKnownFileType = sourcecode.c.h; path = display.h; sourceTree = "<group>"; };
		54C67539213D476F002AF873 /* buffer.h */ = {isa = PBXFileReference; fileEncoding = 4; lastKnownFileType = sourcecode.c.h; path = buffer.h; sourceTree = "<group>"; };
		54C6753A213D476F002AF873 /* camellia.h */ = {isa = PBXFileReference; fileEncoding = 4; lastKnownFileType = sourcecode.c.h; path = camellia.h; sourceTree = "<group>"; };
		54C6753B213D476F002AF873 /* pixelutils.h */ = {isa = PBXFileReference; fileEncoding = 4; lastKnownFileType = sourcecode.c.h; path = pixelutils.h; sourceTree = "<group>"; };
		54C6753C213D476F002AF873 /* hwcontext_drm.h */ = {isa = PBXFileReference; fileEncoding = 4; lastKnownFileType = sourcecode.c.h; path = hwcontext_drm.h; sourceTree = "<group>"; };
		54C6753D213D476F002AF873 /* common.h */ = {isa = PBXFileReference; fileEncoding = 4; lastKnownFileType = sourcecode.c.h; path = common.h; sourceTree = "<group>"; };
		54C6753E213D476F002AF873 /* hmac.h */ = {isa = PBXFileReference; fileEncoding = 4; lastKnownFileType = sourcecode.c.h; path = hmac.h; sourceTree = "<group>"; };
		54C6753F213D476F002AF873 /* eval.h */ = {isa = PBXFileReference; fileEncoding = 4; lastKnownFileType = sourcecode.c.h; path = eval.h; sourceTree = "<group>"; };
		54C67540213D476F002AF873 /* dict.h */ = {isa = PBXFileReference; fileEncoding = 4; lastKnownFileType = sourcecode.c.h; path = dict.h; sourceTree = "<group>"; };
		54C67541213D476F002AF873 /* random_seed.h */ = {isa = PBXFileReference; fileEncoding = 4; lastKnownFileType = sourcecode.c.h; path = random_seed.h; sourceTree = "<group>"; };
		54C67542213D4770002AF873 /* opt.h */ = {isa = PBXFileReference; fileEncoding = 4; lastKnownFileType = sourcecode.c.h; path = opt.h; sourceTree = "<group>"; };
		54C67543213D4770002AF873 /* mastering_display_metadata.h */ = {isa = PBXFileReference; fileEncoding = 4; lastKnownFileType = sourcecode.c.h; path = mastering_display_metadata.h; sourceTree = "<group>"; };
		54C67544213D4770002AF873 /* log.h */ = {isa = PBXFileReference; fileEncoding = 4; lastKnownFileType = sourcecode.c.h; path = log.h; sourceTree = "<group>"; };
		54C67545213D4770002AF873 /* aes.h */ = {isa = PBXFileReference; fileEncoding = 4; lastKnownFileType = sourcecode.c.h; path = aes.h; sourceTree = "<group>"; };
		54C67546213D4770002AF873 /* macros.h */ = {isa = PBXFileReference; fileEncoding = 4; lastKnownFileType = sourcecode.c.h; path = macros.h; sourceTree = "<group>"; };
		54C67547213D4770002AF873 /* bswap.h */ = {isa = PBXFileReference; fileEncoding = 4; lastKnownFileType = sourcecode.c.h; path = bswap.h; sourceTree = "<group>"; };
		54C67548213D4770002AF873 /* rc4.h */ = {isa = PBXFileReference; fileEncoding = 4; lastKnownFileType = sourcecode.c.h; path = rc4.h; sourceTree = "<group>"; };
		54C67549213D4770002AF873 /* tea.h */ = {isa = PBXFileReference; fileEncoding = 4; lastKnownFileType = sourcecode.c.h; path = tea.h; sourceTree = "<group>"; };
		54C6754A213D4770002AF873 /* cpu.h */ = {isa = PBXFileReference; fileEncoding = 4; lastKnownFileType = sourcecode.c.h; path = cpu.h; sourceTree = "<group>"; };
		54C6754B213D4770002AF873 /* lzo.h */ = {isa = PBXFileReference; fileEncoding = 4; lastKnownFileType = sourcecode.c.h; path = lzo.h; sourceTree = "<group>"; };
		54C6754C213D4770002AF873 /* des.h */ = {isa = PBXFileReference; fileEncoding = 4; lastKnownFileType = sourcecode.c.h; path = des.h; sourceTree = "<group>"; };
		54C6754D213D4770002AF873 /* channel_layout.h */ = {isa = PBXFileReference; fileEncoding = 4; lastKnownFileType = sourcecode.c.h; path = channel_layout.h; sourceTree = "<group>"; };
		54C6754E213D4770002AF873 /* encryption_info.h */ = {isa = PBXFileReference; fileEncoding = 4; lastKnownFileType = sourcecode.c.h; path = encryption_info.h; sourceTree = "<group>"; };
		54C6754F213D4770002AF873 /* twofish.h */ = {isa = PBXFileReference; fileEncoding = 4; lastKnownFileType = sourcecode.c.h; path = twofish.h; sourceTree = "<group>"; };
		54C67550213D4770002AF873 /* imgutils.h */ = {isa = PBXFileReference; fileEncoding = 4; lastKnownFileType = sourcecode.c.h; path = imgutils.h; sourceTree = "<group>"; };
		54C67551213D4770002AF873 /* hwcontext_videotoolbox.h */ = {isa = PBXFileReference; fileEncoding = 4; lastKnownFileType = sourcecode.c.h; path = hwcontext_videotoolbox.h; sourceTree = "<group>"; };
		54C67552213D4770002AF873 /* mem.h */ = {isa = PBXFileReference; fileEncoding = 4; lastKnownFileType = sourcecode.c.h; path = mem.h; sourceTree = "<group>"; };
		54C67553213D4770002AF873 /* parseutils.h */ = {isa = PBXFileReference; fileEncoding = 4; lastKnownFileType = sourcecode.c.h; path = parseutils.h; sourceTree = "<group>"; };
		54C67554213D4770002AF873 /* ripemd.h */ = {isa = PBXFileReference; fileEncoding = 4; lastKnownFileType = sourcecode.c.h; path = ripemd.h; sourceTree = "<group>"; };
		54C67555213D4770002AF873 /* bprint.h */ = {isa = PBXFileReference; fileEncoding = 4; lastKnownFileType = sourcecode.c.h; path = bprint.h; sourceTree = "<group>"; };
		54C67556213D4770002AF873 /* hwcontext_qsv.h */ = {isa = PBXFileReference; fileEncoding = 4; lastKnownFileType = sourcecode.c.h; path = hwcontext_qsv.h; sourceTree = "<group>"; };
		54C67557213D4770002AF873 /* pixfmt.h */ = {isa = PBXFileReference; fileEncoding = 4; lastKnownFileType = sourcecode.c.h; path = pixfmt.h; sourceTree = "<group>"; };
		54C67558213D4770002AF873 /* aes_ctr.h */ = {isa = PBXFileReference; fileEncoding = 4; lastKnownFileType = sourcecode.c.h; path = aes_ctr.h; sourceTree = "<group>"; };
		54C67559213D4770002AF873 /* timestamp.h */ = {isa = PBXFileReference; fileEncoding = 4; lastKnownFileType = sourcecode.c.h; path = timestamp.h; sourceTree = "<group>"; };
		54C6755A213D4770002AF873 /* downmix_info.h */ = {isa = PBXFileReference; fileEncoding = 4; lastKnownFileType = sourcecode.c.h; path = downmix_info.h; sourceTree = "<group>"; };
		54C6755B213D4770002AF873 /* avassert.h */ = {isa = PBXFileReference; fileEncoding = 4; lastKnownFileType = sourcecode.c.h; path = avassert.h; sourceTree = "<group>"; };
		54C6755C213D4770002AF873 /* hash.h */ = {isa = PBXFileReference; fileEncoding = 4; lastKnownFileType = sourcecode.c.h; path = hash.h; sourceTree = "<group>"; };
		54C6755D213D4770002AF873 /* mathematics.h */ = {isa = PBXFileReference; fileEncoding = 4; lastKnownFileType = sourcecode.c.h; path = mathematics.h; sourceTree = "<group>"; };
		54C6755E213D4770002AF873 /* intreadwrite.h */ = {isa = PBXFileReference; fileEncoding = 4; lastKnownFileType = sourcecode.c.h; path = intreadwrite.h; sourceTree = "<group>"; };
		54C6755F213D4770002AF873 /* avstring.h */ = {isa = PBXFileReference; fileEncoding = 4; lastKnownFileType = sourcecode.c.h; path = avstring.h; sourceTree = "<group>"; };
		54C67561213D4770002AF873 /* x264_config.h */ = {isa = PBXFileReference; fileEncoding = 4; lastKnownFileType = sourcecode.c.h; path = x264_config.h; sourceTree = "<group>"; };
		54C67562213D4770002AF873 /* x264.h */ = {isa = PBXFileReference; fileEncoding = 4; lastKnownFileType = sourcecode.c.h; path = x264.h; sourceTree = "<group>"; };
		54C67564213D4770002AF873 /* version.h */ = {isa = PBXFileReference; fileEncoding = 4; lastKnownFileType = sourcecode.c.h; path = version.h; sourceTree = "<group>"; };
		54C67565213D4770002AF873 /* avdevice.h */ = {isa = PBXFileReference; fileEncoding = 4; lastKnownFileType = sourcecode.c.h; path = avdevice.h; sourceTree = "<group>"; };
		54C67567213D4770002AF873 /* version.h */ = {isa = PBXFileReference; fileEncoding = 4; lastKnownFileType = sourcecode.c.h; path = version.h; sourceTree = "<group>"; };
		54C67568213D4770002AF873 /* avio.h */ = {isa = PBXFileReference; fileEncoding = 4; lastKnownFileType = sourcecode.c.h; path = avio.h; sourceTree = "<group>"; };
		54C67569213D4770002AF873 /* avformat.h */ = {isa = PBXFileReference; fileEncoding = 4; lastKnownFileType = sourcecode.c.h; path = avformat.h; sourceTree = "<group>"; };
		54C6756B213D4770002AF873 /* version.h */ = {isa = PBXFileReference; fileEncoding = 4; lastKnownFileType = sourcecode.c.h; path = version.h; sourceTree = "<group>"; };
		54C6756C213D4770002AF873 /* swscale.h */ = {isa = PBXFileReference; fileEncoding = 4; lastKnownFileType = sourcecode.c.h; path = swscale.h; sourceTree = "<group>"; };
		54C6756E213D4770002AF873 /* adts_parser.h */ = {isa = PBXFileReference; fileEncoding = 4; lastKnownFileType = sourcecode.c.h; path = adts_parser.h; sourceTree = "<group>"; };
		54C6756F213D4770002AF873 /* avcodec.h */ = {isa = PBXFileReference; fileEncoding = 4; lastKnownFileType = sourcecode.c.h; path = avcodec.h; sourceTree = "<group>"; };
		54C67570213D4770002AF873 /* version.h */ = {isa = PBXFileReference; fileEncoding = 4; lastKnownFileType = sourcecode.c.h; path = version.h; sourceTree = "<group>"; };
		54C67571213D4770002AF873 /* vdpau.h */ = {isa = PBXFileReference; fileEncoding = 4; lastKnownFileType = sourcecode.c.h; path = vdpau.h; sourceTree = "<group>"; };
		54C67572213D4770002AF873 /* qsv.h */ = {isa = PBXFileReference; fileEncoding = 4; lastKnownFileType = sourcecode.c.h; path = qsv.h; sourceTree = "<group>"; };
		54C67573213D4770002AF873 /* vaapi.h */ = {isa = PBXFileReference; fileEncoding = 4; lastKnownFileType = sourcecode.c.h; path = vaapi.h; sourceTree = "<group>"; };
		54C67574213D4770002AF873 /* videotoolbox.h */ = {isa = PBXFileReference; fileEncoding = 4; lastKnownFileType = sourcecode.c.h; path = videotoolbox.h; sourceTree = "<group>"; };
		54C67575213D4770002AF873 /* xvmc.h */ = {isa = PBXFileReference; fileEncoding = 4; lastKnownFileType = sourcecode.c.h; path = xvmc.h; sourceTree = "<group>"; };
		54C67576213D4770002AF873 /* mediacodec.h */ = {isa = PBXFileReference; fileEncoding = 4; lastKnownFileType = sourcecode.c.h; path = mediacodec.h; sourceTree = "<group>"; };
		54C67577213D4770002AF873 /* d3d11va.h */ = {isa = PBXFileReference; fileEncoding = 4; lastKnownFileType = sourcecode.c.h; path = d3d11va.h; sourceTree = "<group>"; };
		54C67578213D4770002AF873 /* avfft.h */ = {isa = PBXFileReference; fileEncoding = 4; lastKnownFileType = sourcecode.c.h; path = avfft.h; sourceTree = "<group>"; };
		54C67579213D4770002AF873 /* jni.h */ = {isa = PBXFileReference; fileEncoding = 4; lastKnownFileType = sourcecode.c.h; path = jni.h; sourceTree = "<group>"; };
		54C6757A213D4770002AF873 /* dirac.h */ = {isa = PBXFileReference; fileEncoding = 4; lastKnownFileType = sourcecode.c.h; path = dirac.h; sourceTree = "<group>"; };
		54C6757B213D4770002AF873 /* avdct.h */ = {isa = PBXFileReference; fileEncoding = 4; lastKnownFileType = sourcecode.c.h; path = avdct.h; sourceTree = "<group>"; };
		54C6757C213D4770002AF873 /* ac3_parser.h */ = {isa = PBXFileReference; fileEncoding = 4; lastKnownFileType = sourcecode.c.h; path = ac3_parser.h; sourceTree = "<group>"; };
		54C6757D213D4770002AF873 /* vorbis_parser.h */ = {isa = PBXFileReference; fileEncoding = 4; lastKnownFileType = sourcecode.c.h; path = vorbis_parser.h; sourceTree = "<group>"; };
		54C6757E213D4770002AF873 /* dxva2.h */ = {isa = PBXFileReference; fileEncoding = 4; lastKnownFileType = sourcecode.c.h; path = dxva2.h; sourceTree = "<group>"; };
		54C6757F213D4770002AF873 /* dv_profile.h */ = {isa = PBXFileReference; fileEncoding = 4; lastKnownFileType = sourcecode.c.h; path = dv_profile.h; sourceTree = "<group>"; };
		54C67581213D4770002AF873 /* avresample.h */ = {isa = PBXFileReference; fileEncoding = 4; lastKnownFileType = sourcecode.c.h; path = avresample.h; sourceTree = "<group>"; };
		54C67582213D4770002AF873 /* version.h */ = {isa = PBXFileReference; fileEncoding = 4; lastKnownFileType = sourcecode.c.h; path = version.h; sourceTree = "<group>"; };
		54C67584213D4770002AF873 /* lame.h */ = {isa = PBXFileReference; fileEncoding = 4; lastKnownFileType = sourcecode.c.h; path = lame.h; sourceTree = "<group>"; };
		54C67586213D4770002AF873 /* xvid.h */ = {isa = PBXFileReference; fileEncoding = 4; lastKnownFileType = sourcecode.c.h; path = xvid.h; sourceTree = "<group>"; };
		54C67588213D4770002AF873 /* version.h */ = {isa = PBXFileReference; fileEncoding = 4; lastKnownFileType = sourcecode.c.h; path = version.h; sourceTree = "<group>"; };
		54C67589213D4770002AF873 /* swresample.h */ = {isa = PBXFileReference; fileEncoding = 4; lastKnownFileType = sourcecode.c.h; path = swresample.h; sourceTree = "<group>"; };
		54C6758B213D4770002AF873 /* libavutil.a */ = {isa = PBXFileReference; lastKnownFileType = archive.ar; path = libavutil.a; sourceTree = "<group>"; };
		54C6758C213D4770002AF873 /* libavfilter.a */ = {isa = PBXFileReference; lastKnownFileType = archive.ar; path = libavfilter.a; sourceTree = "<group>"; };
		54C6758D213D4770002AF873 /* libavcodec.a */ = {isa = PBXFileReference; lastKnownFileType = archive.ar; path = libavcodec.a; sourceTree = "<group>"; };
		54C6758E213D4770002AF873 /* libpostproc.a */ = {isa = PBXFileReference; lastKnownFileType = archive.ar; path = libpostproc.a; sourceTree = "<group>"; };
		54C6758F213D4770002AF873 /* libavresample.a */ = {isa = PBXFileReference; lastKnownFileType = archive.ar; path = libavresample.a; sourceTree = "<group>"; };
		54C67590213D4770002AF873 /* libavformat.a */ = {isa = PBXFileReference; lastKnownFileType = archive.ar; path = libavformat.a; sourceTree = "<group>"; };
		54C67591213D4770002AF873 /* libavdevice.a */ = {isa = PBXFileReference; lastKnownFileType = archive.ar; path = libavdevice.a; sourceTree = "<group>"; };
		54C67592213D4770002AF873 /* libmp3lame.a */ = {isa = PBXFileReference; lastKnownFileType = archive.ar; path = libmp3lame.a; sourceTree = "<group>"; };
		54C67593213D4770002AF873 /* libswresample.a */ = {isa = PBXFileReference; lastKnownFileType = archive.ar; path = libswresample.a; sourceTree = "<group>"; };
		54C67594213D4770002AF873 /* libxvidcore.a */ = {isa = PBXFileReference; lastKnownFileType = archive.ar; path = libxvidcore.a; sourceTree = "<group>"; };
		54C67595213D4770002AF873 /* libswscale.a */ = {isa = PBXFileReference; lastKnownFileType = archive.ar; path = libswscale.a; sourceTree = "<group>"; };
		54C67596213D4770002AF873 /* libx264.a */ = {isa = PBXFileReference; lastKnownFileType = archive.ar; path = libx264.a; sourceTree = "<group>"; };
		5964E161DE3E8F5C1A292BB8 /* libPods-ZMTranslation.a */ = {isa = PBXFileReference; explicitFileType = archive.ar; includeInIndex = 0; path = "libPods-ZMTranslation.a"; sourceTree = BUILT_PRODUCTS_DIR; };
		9B7EBBE32785FFEC79E7BAC7 /* Pods-ZMTranslation.debug.xcconfig */ = {isa = PBXFileReference; includeInIndex = 1; lastKnownFileType = text.xcconfig; name = "Pods-ZMTranslation.debug.xcconfig"; path = "Pods/Target Support Files/Pods-ZMTranslation/Pods-ZMTranslation.debug.xcconfig"; sourceTree = "<group>"; };
		CCA77344F75A565C87A52C5C /* Pods-ZMTranslation.release.xcconfig */ = {isa = PBXFileReference; includeInIndex = 1; lastKnownFileType = text.xcconfig; name = "Pods-ZMTranslation.release.xcconfig"; path = "Pods/Target Support Files/Pods-ZMTranslation/Pods-ZMTranslation.release.xcconfig"; sourceTree = "<group>"; };
/* End PBXFileReference section */

/* Begin PBXFrameworksBuildPhase section */
		54242A192133C7D200457D7E /* Frameworks */ = {
			isa = PBXFrameworksBuildPhase;
			buildActionMask = 2147483647;
			files = (
				54C674F9213D46B1002AF873 /* libavcodec.a in Frameworks */,
				54C674FA213D46B1002AF873 /* libxvidcore.a in Frameworks */,
				54C674FB213D46B1002AF873 /* libswresample.a in Frameworks */,
				54C674FC213D46B1002AF873 /* libavutil.a in Frameworks */,
				54C675A1213D4770002AF873 /* libswscale.a in Frameworks */,
				54C67597213D4770002AF873 /* libavutil.a in Frameworks */,
				54C674FD213D46B1002AF873 /* libavformat.a in Frameworks */,
				54C6759C213D4770002AF873 /* libavformat.a in Frameworks */,
				54C675A2213D4770002AF873 /* libx264.a in Frameworks */,
				54C675A0213D4770002AF873 /* libxvidcore.a in Frameworks */,
				54C674FE213D46B1002AF873 /* libavdevice.a in Frameworks */,
				54C674FF213D46B1002AF873 /* libavfilter.a in Frameworks */,
				54C67500213D46B1002AF873 /* libavresample.a in Frameworks */,
				54C67501213D46B1002AF873 /* libpostproc.a in Frameworks */,
				54C67502213D46B1002AF873 /* libmp3lame.a in Frameworks */,
				54C67503213D46B1002AF873 /* libswscale.a in Frameworks */,
				54C67504213D46B1002AF873 /* libx264.a in Frameworks */,
				54C6759E213D4770002AF873 /* libmp3lame.a in Frameworks */,
				54C6759D213D4770002AF873 /* libavdevice.a in Frameworks */,
				54C6759F213D4770002AF873 /* libswresample.a in Frameworks */,
				54C6759B213D4770002AF873 /* libavresample.a in Frameworks */,
				54C674EA213D4191002AF873 /* OpenCL.framework in Frameworks */,
				54C67598213D4770002AF873 /* libavfilter.a in Frameworks */,
				54AE9464213D3635006AA781 /* AudioToolbox.framework in Frameworks */,
				54AE9462213D3601006AA781 /* libbz2.1.0.5.tbd in Frameworks */,
				54AE9460213D35E5006AA781 /* VideoToolbox.framework in Frameworks */,
				54AE945E213D35D7006AA781 /* CoreMedia.framework in Frameworks */,
				54AE945C213D35CE006AA781 /* libiconv.2.4.0.tbd in Frameworks */,
				54AE945A213D35C4006AA781 /* libz.1.2.11.tbd in Frameworks */,
				54AE9458213D356E006AA781 /* AVFoundation.framework in Frameworks */,
				54C6759A213D4770002AF873 /* libpostproc.a in Frameworks */,
				0759960D264D786217E941C0 /* libPods-ZMTranslation.a in Frameworks */,
				54C67599213D4770002AF873 /* libavcodec.a in Frameworks */,
			);
			runOnlyForDeploymentPostprocessing = 0;
		};
/* End PBXFrameworksBuildPhase section */

/* Begin PBXGroup section */
		35A36189DB0EF20DA60D1A92 /* Frameworks */ = {
			isa = PBXGroup;
			children = (
				54C674ED213D46B1002AF873 /* libavcodec.a */,
				54C674F2213D46B1002AF873 /* libavdevice.a */,
				54C674F3213D46B1002AF873 /* libavfilter.a */,
				54C674F1213D46B1002AF873 /* libavformat.a */,
				54C674F4213D46B1002AF873 /* libavresample.a */,
				54C674F0213D46B1002AF873 /* libavutil.a */,
				54C674F6213D46B1002AF873 /* libmp3lame.a */,
				54C674F5213D46B1002AF873 /* libpostproc.a */,
				54C674EF213D46B1002AF873 /* libswresample.a */,
				54C674F7213D46B1002AF873 /* libswscale.a */,
				54C674F8213D46B1002AF873 /* libx264.a */,
				54C674EE213D46B1002AF873 /* libxvidcore.a */,
				54C674E9213D4191002AF873 /* OpenCL.framework */,
				54AE9463213D3635006AA781 /* AudioToolbox.framework */,
				54AE9461213D3601006AA781 /* libbz2.1.0.5.tbd */,
				54AE945F213D35E5006AA781 /* VideoToolbox.framework */,
				54AE945D213D35D7006AA781 /* CoreMedia.framework */,
				54AE945B213D35CE006AA781 /* libiconv.2.4.0.tbd */,
				54AE9459213D35C4006AA781 /* libz.1.2.11.tbd */,
				54AE9457213D356E006AA781 /* AVFoundation.framework */,
				5964E161DE3E8F5C1A292BB8 /* libPods-ZMTranslation.a */,
			);
			name = Frameworks;
			sourceTree = "<group>";
		};
		54242A132133C7D200457D7E = {
			isa = PBXGroup;
			children = (
				54242A1E2133C7D200457D7E /* ZMTranslation */,
				54242A1D2133C7D200457D7E /* Products */,
				DBF117EF18A40423B91E9AA8 /* Pods */,
				35A36189DB0EF20DA60D1A92 /* Frameworks */,
			);
			sourceTree = "<group>";
		};
		54242A1D2133C7D200457D7E /* Products */ = {
			isa = PBXGroup;
			children = (
				54242A1C2133C7D200457D7E /* ZMTranslation.app */,
			);
			name = Products;
			sourceTree = "<group>";
		};
		54242A1E2133C7D200457D7E /* ZMTranslation */ = {
			isa = PBXGroup;
			children = (
				548D17CA213DF61E00C7A471 /* CustomView */,
				548D17C9213DF60600C7A471 /* Utilities */,
				54C67505213D476F002AF873 /* FFmpeg */,
				544787952137EA73005A7B9C /* Subtitle */,
				54242A1F2133C7D300457D7E /* AppDelegate.h */,
				54242A202133C7D300457D7E /* AppDelegate.m */,
				54242A222133C7D300457D7E /* ViewController.h */,
				54242A232133C7D300457D7E /* ViewController.m */,
				54242A392133CEAA00457D7E /* PrefixHeader.pch */,
				54242A252133C7D300457D7E /* Assets.xcassets */,
				543F784B213517540028EFC6 /* icon.png */,
				548D17CB213DF95B00C7A471 /* subtitle.png */,
				54242A272133C7D300457D7E /* Main.storyboard */,
				54242A2A2133C7D300457D7E /* Info.plist */,
				54242A2B2133C7D300457D7E /* main.m */,
				54242A2D2133C7D300457D7E /* ZMTranslation.entitlements */,
			);
			path = ZMTranslation;
			sourceTree = "<group>";
		};
		544787952137EA73005A7B9C /* Subtitle */ = {
			isa = PBXGroup;
			children = (
				5447878D2137E9E8005A7B9C /* Test.vtt */,
				5447878F2137E9E8005A7B9C /* ZMSubtitle.h */,
				5447878E2137E9E8005A7B9C /* ZMSubtitle.m */,
				544787922137EA6D005A7B9C /* ZMSubtitleTranslator.h */,
				544787932137EA6D005A7B9C /* ZMSubtitleTranslator.m */,
			);
			path = Subtitle;
			sourceTree = "<group>";
		};
		548D17C9213DF60600C7A471 /* Utilities */ = {
			isa = PBXGroup;
			children = (
				54242A3D2133D6EA00457D7E /* StringUtil.h */,
				54242A3E2133D6EA00457D7E /* StringUtil.m */,
				54242A3A2133D64100457D7E /* HttpUtil.h */,
				54242A3B2133D64100457D7E /* HttpUtil.m */,
				5447879C2137EB35005A7B9C /* ZMTranslateManager.h */,
				5447879D2137EB35005A7B9C /* ZMTranslateManager.m */,
				54242A332133C7E800457D7E /* ZMWordTranslator.h */,
				54242A342133C7E800457D7E /* ZMWordTranslator.m */,
				5472D0D4213800F1003BF7B8 /* ZMFileOperation.h */,
				5472D0D5213800F1003BF7B8 /* ZMFileOperation.m */,
				54A4A9622139137D00EE944E /* ZMSentenceSplitter.h */,
				54A4A9632139137D00EE944E /* ZMSentenceSplitter.m */,
			);
			path = Utilities;
			sourceTree = "<group>";
		};
		548D17CA213DF61E00C7A471 /* CustomView */ = {
			isa = PBXGroup;
			children = (
				543F78452134F5E30028EFC6 /* ZMAlert.h */,
				543F78462134F5E30028EFC6 /* ZMAlert.m */,
				548D17C6213DF5FA00C7A471 /* ZMDragDropView.h */,
				548D17C7213DF5FA00C7A471 /* ZMDragDropView.m */,
			);
			path = CustomView;
			sourceTree = "<group>";
		};
		54C67505213D476F002AF873 /* FFmpeg */ = {
			isa = PBXGroup;
			children = (
				54C67506213D476F002AF873 /* include */,
				54C6758A213D4770002AF873 /* lib */,
			);
			path = FFmpeg;
			sourceTree = "<group>";
		};
		54C67506213D476F002AF873 /* include */ = {
			isa = PBXGroup;
			children = (
				54C67507213D476F002AF873 /* libpostproc */,
				54C6750A213D476F002AF873 /* libavfilter */,
				54C6750F213D476F002AF873 /* libavutil */,
				54C67560213D4770002AF873 /* libx264 */,
				54C67563213D4770002AF873 /* libavdevice */,
				54C67566213D4770002AF873 /* libavformat */,
				54C6756A213D4770002AF873 /* libswscale */,
				54C6756D213D4770002AF873 /* libavcodec */,
				54C67580213D4770002AF873 /* libavresample */,
				54C67583213D4770002AF873 /* libmp3lame */,
				54C67585213D4770002AF873 /* libxvid */,
				54C67587213D4770002AF873 /* libswresample */,
			);
			path = include;
			sourceTree = "<group>";
		};
		54C67507213D476F002AF873 /* libpostproc */ = {
			isa = PBXGroup;
			children = (
				54C67508213D476F002AF873 /* version.h */,
				54C67509213D476F002AF873 /* postprocess.h */,
			);
			path = libpostproc;
			sourceTree = "<group>";
		};
		54C6750A213D476F002AF873 /* libavfilter */ = {
			isa = PBXGroup;
			children = (
				54C6750B213D476F002AF873 /* version.h */,
				54C6750C213D476F002AF873 /* buffersrc.h */,
				54C6750D213D476F002AF873 /* buffersink.h */,
				54C6750E213D476F002AF873 /* avfilter.h */,
			);
			path = libavfilter;
			sourceTree = "<group>";
		};
		54C6750F213D476F002AF873 /* libavutil */ = {
			isa = PBXGroup;
			children = (
				54C67510213D476F002AF873 /* hwcontext.h */,
				54C67511213D476F002AF873 /* time.h */,
				54C67512213D476F002AF873 /* hwcontext_cuda.h */,
				54C67513213D476F002AF873 /* intfloat.h */,
				54C67514213D476F002AF873 /* error.h */,
				54C67515213D476F002AF873 /* fifo.h */,
				54C67516213D476F002AF873 /* blowfish.h */,
				54C67517213D476F002AF873 /* hwcontext_mediacodec.h */,
				54C67518213D476F002AF873 /* replaygain.h */,
				54C67519213D476F002AF873 /* version.h */,
				54C6751A213D476F002AF873 /* murmur3.h */,
				54C6751B213D476F002AF873 /* stereo3d.h */,
				54C6751C213D476F002AF873 /* samplefmt.h */,
				54C6751D213D476F002AF873 /* pixdesc.h */,
				54C6751E213D476F002AF873 /* base64.h */,
				54C6751F213D476F002AF873 /* rational.h */,
				54C67520213D476F002AF873 /* sha.h */,
				54C67521213D476F002AF873 /* motion_vector.h */,
				54C67522213D476F002AF873 /* avconfig.h */,
				54C67523213D476F002AF873 /* lfg.h */,
				54C67524213D476F002AF873 /* avutil.h */,
				54C67525213D476F002AF873 /* xtea.h */,
				54C67526213D476F002AF873 /* crc.h */,
				54C67527213D476F002AF873 /* hwcontext_vdpau.h */,
				54C67528213D476F002AF873 /* frame.h */,
				54C67529213D476F002AF873 /* file.h */,
				54C6752A213D476F002AF873 /* md5.h */,
				54C6752B213D476F002AF873 /* cast5.h */,
				54C6752C213D476F002AF873 /* hwcontext_vaapi.h */,
				54C6752D213D476F002AF873 /* spherical.h */,
				54C6752E213D476F002AF873 /* ffversion.h */,
				54C6752F213D476F002AF873 /* audio_fifo.h */,
				54C67530213D476F002AF873 /* tree.h */,
				54C67531213D476F002AF873 /* threadmessage.h */,
				54C67532213D476F002AF873 /* attributes.h */,
				54C67533213D476F002AF873 /* adler32.h */,
				54C67534213D476F002AF873 /* hwcontext_d3d11va.h */,
				54C67535213D476F002AF873 /* timecode.h */,
				54C67536213D476F002AF873 /* sha512.h */,
				54C67537213D476F002AF873 /* hwcontext_dxva2.h */,
				54C67538213D476F002AF873 /* display.h */,
				54C67539213D476F002AF873 /* buffer.h */,
				54C6753A213D476F002AF873 /* camellia.h */,
				54C6753B213D476F002AF873 /* pixelutils.h */,
				54C6753C213D476F002AF873 /* hwcontext_drm.h */,
				54C6753D213D476F002AF873 /* common.h */,
				54C6753E213D476F002AF873 /* hmac.h */,
				54C6753F213D476F002AF873 /* eval.h */,
				54C67540213D476F002AF873 /* dict.h */,
				54C67541213D476F002AF873 /* random_seed.h */,
				54C67542213D4770002AF873 /* opt.h */,
				54C67543213D4770002AF873 /* mastering_display_metadata.h */,
				54C67544213D4770002AF873 /* log.h */,
				54C67545213D4770002AF873 /* aes.h */,
				54C67546213D4770002AF873 /* macros.h */,
				54C67547213D4770002AF873 /* bswap.h */,
				54C67548213D4770002AF873 /* rc4.h */,
				54C67549213D4770002AF873 /* tea.h */,
				54C6754A213D4770002AF873 /* cpu.h */,
				54C6754B213D4770002AF873 /* lzo.h */,
				54C6754C213D4770002AF873 /* des.h */,
				54C6754D213D4770002AF873 /* channel_layout.h */,
				54C6754E213D4770002AF873 /* encryption_info.h */,
				54C6754F213D4770002AF873 /* twofish.h */,
				54C67550213D4770002AF873 /* imgutils.h */,
				54C67551213D4770002AF873 /* hwcontext_videotoolbox.h */,
				54C67552213D4770002AF873 /* mem.h */,
				54C67553213D4770002AF873 /* parseutils.h */,
				54C67554213D4770002AF873 /* ripemd.h */,
				54C67555213D4770002AF873 /* bprint.h */,
				54C67556213D4770002AF873 /* hwcontext_qsv.h */,
				54C67557213D4770002AF873 /* pixfmt.h */,
				54C67558213D4770002AF873 /* aes_ctr.h */,
				54C67559213D4770002AF873 /* timestamp.h */,
				54C6755A213D4770002AF873 /* downmix_info.h */,
				54C6755B213D4770002AF873 /* avassert.h */,
				54C6755C213D4770002AF873 /* hash.h */,
				54C6755D213D4770002AF873 /* mathematics.h */,
				54C6755E213D4770002AF873 /* intreadwrite.h */,
				54C6755F213D4770002AF873 /* avstring.h */,
			);
			path = libavutil;
			sourceTree = "<group>";
		};
		54C67560213D4770002AF873 /* libx264 */ = {
			isa = PBXGroup;
			children = (
				54C67561213D4770002AF873 /* x264_config.h */,
				54C67562213D4770002AF873 /* x264.h */,
			);
			path = libx264;
			sourceTree = "<group>";
		};
		54C67563213D4770002AF873 /* libavdevice */ = {
			isa = PBXGroup;
			children = (
				54C67564213D4770002AF873 /* version.h */,
				54C67565213D4770002AF873 /* avdevice.h */,
			);
			path = libavdevice;
			sourceTree = "<group>";
		};
		54C67566213D4770002AF873 /* libavformat */ = {
			isa = PBXGroup;
			children = (
				54C67567213D4770002AF873 /* version.h */,
				54C67568213D4770002AF873 /* avio.h */,
				54C67569213D4770002AF873 /* avformat.h */,
			);
			path = libavformat;
			sourceTree = "<group>";
		};
		54C6756A213D4770002AF873 /* libswscale */ = {
			isa = PBXGroup;
			children = (
				54C6756B213D4770002AF873 /* version.h */,
				54C6756C213D4770002AF873 /* swscale.h */,
			);
			path = libswscale;
			sourceTree = "<group>";
		};
		54C6756D213D4770002AF873 /* libavcodec */ = {
			isa = PBXGroup;
			children = (
				54C6756E213D4770002AF873 /* adts_parser.h */,
				54C6756F213D4770002AF873 /* avcodec.h */,
				54C67570213D4770002AF873 /* version.h */,
				54C67571213D4770002AF873 /* vdpau.h */,
				54C67572213D4770002AF873 /* qsv.h */,
				54C67573213D4770002AF873 /* vaapi.h */,
				54C67574213D4770002AF873 /* videotoolbox.h */,
				54C67575213D4770002AF873 /* xvmc.h */,
				54C67576213D4770002AF873 /* mediacodec.h */,
				54C67577213D4770002AF873 /* d3d11va.h */,
				54C67578213D4770002AF873 /* avfft.h */,
				54C67579213D4770002AF873 /* jni.h */,
				54C6757A213D4770002AF873 /* dirac.h */,
				54C6757B213D4770002AF873 /* avdct.h */,
				54C6757C213D4770002AF873 /* ac3_parser.h */,
				54C6757D213D4770002AF873 /* vorbis_parser.h */,
				54C6757E213D4770002AF873 /* dxva2.h */,
				54C6757F213D4770002AF873 /* dv_profile.h */,
			);
			path = libavcodec;
			sourceTree = "<group>";
		};
		54C67580213D4770002AF873 /* libavresample */ = {
			isa = PBXGroup;
			children = (
				54C67581213D4770002AF873 /* avresample.h */,
				54C67582213D4770002AF873 /* version.h */,
			);
			path = libavresample;
			sourceTree = "<group>";
		};
		54C67583213D4770002AF873 /* libmp3lame */ = {
			isa = PBXGroup;
			children = (
				54C67584213D4770002AF873 /* lame.h */,
			);
			path = libmp3lame;
			sourceTree = "<group>";
		};
		54C67585213D4770002AF873 /* libxvid */ = {
			isa = PBXGroup;
			children = (
				54C67586213D4770002AF873 /* xvid.h */,
			);
			path = libxvid;
			sourceTree = "<group>";
		};
		54C67587213D4770002AF873 /* libswresample */ = {
			isa = PBXGroup;
			children = (
				54C67588213D4770002AF873 /* version.h */,
				54C67589213D4770002AF873 /* swresample.h */,
			);
			path = libswresample;
			sourceTree = "<group>";
		};
		54C6758A213D4770002AF873 /* lib */ = {
			isa = PBXGroup;
			children = (
				54C6758B213D4770002AF873 /* libavutil.a */,
				54C6758C213D4770002AF873 /* libavfilter.a */,
				54C6758D213D4770002AF873 /* libavcodec.a */,
				54C6758E213D4770002AF873 /* libpostproc.a */,
				54C6758F213D4770002AF873 /* libavresample.a */,
				54C67590213D4770002AF873 /* libavformat.a */,
				54C67591213D4770002AF873 /* libavdevice.a */,
				54C67592213D4770002AF873 /* libmp3lame.a */,
				54C67593213D4770002AF873 /* libswresample.a */,
				54C67594213D4770002AF873 /* libxvidcore.a */,
				54C67595213D4770002AF873 /* libswscale.a */,
				54C67596213D4770002AF873 /* libx264.a */,
			);
			path = lib;
			sourceTree = "<group>";
		};
		DBF117EF18A40423B91E9AA8 /* Pods */ = {
			isa = PBXGroup;
			children = (
				9B7EBBE32785FFEC79E7BAC7 /* Pods-ZMTranslation.debug.xcconfig */,
				CCA77344F75A565C87A52C5C /* Pods-ZMTranslation.release.xcconfig */,
			);
			name = Pods;
			sourceTree = "<group>";
		};
/* End PBXGroup section */

/* Begin PBXNativeTarget section */
		54242A1B2133C7D200457D7E /* ZMTranslation */ = {
			isa = PBXNativeTarget;
			buildConfigurationList = 54242A302133C7D300457D7E /* Build configuration list for PBXNativeTarget "ZMTranslation" */;
			buildPhases = (
				FAE48F5A20394851DB7D0207 /* [CP] Check Pods Manifest.lock */,
				54242A182133C7D200457D7E /* Sources */,
				54242A192133C7D200457D7E /* Frameworks */,
				54242A1A2133C7D200457D7E /* Resources */,
			);
			buildRules = (
			);
			dependencies = (
			);
			name = ZMTranslation;
			productName = ZMTranslation;
			productReference = 54242A1C2133C7D200457D7E /* ZMTranslation.app */;
			productType = "com.apple.product-type.application";
		};
/* End PBXNativeTarget section */

/* Begin PBXProject section */
		54242A142133C7D200457D7E /* Project object */ = {
			isa = PBXProject;
			attributes = {
				LastUpgradeCheck = 0940;
				ORGANIZATIONNAME = "Yuri Boyka";
				TargetAttributes = {
					54242A1B2133C7D200457D7E = {
						CreatedOnToolsVersion = 9.4;
						SystemCapabilities = {
							com.apple.Sandbox = {
								enabled = 1;
							};
						};
					};
				};
			};
			buildConfigurationList = 54242A172133C7D200457D7E /* Build configuration list for PBXProject "ZMTranslation" */;
			compatibilityVersion = "Xcode 9.3";
			developmentRegion = en;
			hasScannedForEncodings = 0;
			knownRegions = (
				en,
				Base,
			);
			mainGroup = 54242A132133C7D200457D7E;
			productRefGroup = 54242A1D2133C7D200457D7E /* Products */;
			projectDirPath = "";
			projectRoot = "";
			targets = (
				54242A1B2133C7D200457D7E /* ZMTranslation */,
			);
		};
/* End PBXProject section */

/* Begin PBXResourcesBuildPhase section */
		54242A1A2133C7D200457D7E /* Resources */ = {
			isa = PBXResourcesBuildPhase;
			buildActionMask = 2147483647;
			files = (
				548D17CC213DF95B00C7A471 /* subtitle.png in Resources */,
				544787902137E9E8005A7B9C /* Test.vtt in Resources */,
				54242A262133C7D300457D7E /* Assets.xcassets in Resources */,
				54242A292133C7D300457D7E /* Main.storyboard in Resources */,
				543F784C213517540028EFC6 /* icon.png in Resources */,
			);
			runOnlyForDeploymentPostprocessing = 0;
		};
/* End PBXResourcesBuildPhase section */

/* Begin PBXShellScriptBuildPhase section */
		FAE48F5A20394851DB7D0207 /* [CP] Check Pods Manifest.lock */ = {
			isa = PBXShellScriptBuildPhase;
			buildActionMask = 2147483647;
			files = (
			);
			inputPaths = (
				"${PODS_PODFILE_DIR_PATH}/Podfile.lock",
				"${PODS_ROOT}/Manifest.lock",
			);
			name = "[CP] Check Pods Manifest.lock";
			outputPaths = (
				"$(DERIVED_FILE_DIR)/Pods-ZMTranslation-checkManifestLockResult.txt",
			);
			runOnlyForDeploymentPostprocessing = 0;
			shellPath = /bin/sh;
			shellScript = "diff \"${PODS_PODFILE_DIR_PATH}/Podfile.lock\" \"${PODS_ROOT}/Manifest.lock\" > /dev/null\nif [ $? != 0 ] ; then\n    # print error to STDERR\n    echo \"error: The sandbox is not in sync with the Podfile.lock. Run 'pod install' or update your CocoaPods installation.\" >&2\n    exit 1\nfi\n# This output is used by Xcode 'outputs' to avoid re-running this script phase.\necho \"SUCCESS\" > \"${SCRIPT_OUTPUT_FILE_0}\"\n";
			showEnvVarsInLog = 0;
		};
/* End PBXShellScriptBuildPhase section */

/* Begin PBXSourcesBuildPhase section */
		54242A182133C7D200457D7E /* Sources */ = {
			isa = PBXSourcesBuildPhase;
			buildActionMask = 2147483647;
			files = (
				544787912137E9E8005A7B9C /* ZMSubtitle.m in Sources */,
				54242A3F2133D6EB00457D7E /* StringUtil.m in Sources */,
				54242A242133C7D300457D7E /* ViewController.m in Sources */,
				5472D0D6213800F1003BF7B8 /* ZMFileOperation.m in Sources */,
				54242A3C2133D64100457D7E /* HttpUtil.m in Sources */,
				548D17C8213DF5FA00C7A471 /* ZMDragDropView.m in Sources */,
				54242A352133C7E800457D7E /* ZMWordTranslator.m in Sources */,
				54A4A9642139137D00EE944E /* ZMSentenceSplitter.m in Sources */,
				544787942137EA6D005A7B9C /* ZMSubtitleTranslator.m in Sources */,
				543F78472134F5E30028EFC6 /* ZMAlert.m in Sources */,
				54242A2C2133C7D300457D7E /* main.m in Sources */,
				54242A212133C7D300457D7E /* AppDelegate.m in Sources */,
				5447879E2137EB35005A7B9C /* ZMTranslateManager.m in Sources */,
			);
			runOnlyForDeploymentPostprocessing = 0;
		};
/* End PBXSourcesBuildPhase section */

/* Begin PBXVariantGroup section */
		54242A272133C7D300457D7E /* Main.storyboard */ = {
			isa = PBXVariantGroup;
			children = (
				54242A282133C7D300457D7E /* Base */,
			);
			name = Main.storyboard;
			sourceTree = "<group>";
		};
/* End PBXVariantGroup section */

/* Begin XCBuildConfiguration section */
		54242A2E2133C7D300457D7E /* Debug */ = {
			isa = XCBuildConfiguration;
			buildSettings = {
				ALWAYS_SEARCH_USER_PATHS = NO;
				CLANG_ANALYZER_NONNULL = YES;
				CLANG_ANALYZER_NUMBER_OBJECT_CONVERSION = YES_AGGRESSIVE;
				CLANG_CXX_LANGUAGE_STANDARD = "gnu++14";
				CLANG_CXX_LIBRARY = "libc++";
				CLANG_ENABLE_MODULES = YES;
				CLANG_ENABLE_OBJC_ARC = YES;
				CLANG_ENABLE_OBJC_WEAK = YES;
				CLANG_WARN_BLOCK_CAPTURE_AUTORELEASING = YES;
				CLANG_WARN_BOOL_CONVERSION = YES;
				CLANG_WARN_COMMA = YES;
				CLANG_WARN_CONSTANT_CONVERSION = YES;
				CLANG_WARN_DEPRECATED_OBJC_IMPLEMENTATIONS = YES;
				CLANG_WARN_DIRECT_OBJC_ISA_USAGE = YES_ERROR;
				CLANG_WARN_DOCUMENTATION_COMMENTS = YES;
				CLANG_WARN_EMPTY_BODY = YES;
				CLANG_WARN_ENUM_CONVERSION = YES;
				CLANG_WARN_INFINITE_RECURSION = YES;
				CLANG_WARN_INT_CONVERSION = YES;
				CLANG_WARN_NON_LITERAL_NULL_CONVERSION = YES;
				CLANG_WARN_OBJC_IMPLICIT_RETAIN_SELF = YES;
				CLANG_WARN_OBJC_LITERAL_CONVERSION = YES;
				CLANG_WARN_OBJC_ROOT_CLASS = YES_ERROR;
				CLANG_WARN_RANGE_LOOP_ANALYSIS = YES;
				CLANG_WARN_STRICT_PROTOTYPES = YES;
				CLANG_WARN_SUSPICIOUS_MOVE = YES;
				CLANG_WARN_UNGUARDED_AVAILABILITY = YES_AGGRESSIVE;
				CLANG_WARN_UNREACHABLE_CODE = YES;
				CLANG_WARN__DUPLICATE_METHOD_MATCH = YES;
				CODE_SIGN_IDENTITY = "-";
				COPY_PHASE_STRIP = NO;
				DEBUG_INFORMATION_FORMAT = dwarf;
				ENABLE_STRICT_OBJC_MSGSEND = YES;
				ENABLE_TESTABILITY = YES;
				GCC_C_LANGUAGE_STANDARD = gnu11;
				GCC_DYNAMIC_NO_PIC = NO;
				GCC_NO_COMMON_BLOCKS = YES;
				GCC_OPTIMIZATION_LEVEL = 0;
				GCC_PREPROCESSOR_DEFINITIONS = (
					"DEBUG=1",
					"$(inherited)",
				);
				GCC_WARN_64_TO_32_BIT_CONVERSION = YES;
				GCC_WARN_ABOUT_RETURN_TYPE = YES_ERROR;
				GCC_WARN_UNDECLARED_SELECTOR = YES;
				GCC_WARN_UNINITIALIZED_AUTOS = YES_AGGRESSIVE;
				GCC_WARN_UNUSED_FUNCTION = YES;
				GCC_WARN_UNUSED_VARIABLE = YES;
				MACOSX_DEPLOYMENT_TARGET = 10.13;
				MTL_ENABLE_DEBUG_INFO = YES;
				ONLY_ACTIVE_ARCH = YES;
				SDKROOT = macosx;
			};
			name = Debug;
		};
		54242A2F2133C7D300457D7E /* Release */ = {
			isa = XCBuildConfiguration;
			buildSettings = {
				ALWAYS_SEARCH_USER_PATHS = NO;
				CLANG_ANALYZER_NONNULL = YES;
				CLANG_ANALYZER_NUMBER_OBJECT_CONVERSION = YES_AGGRESSIVE;
				CLANG_CXX_LANGUAGE_STANDARD = "gnu++14";
				CLANG_CXX_LIBRARY = "libc++";
				CLANG_ENABLE_MODULES = YES;
				CLANG_ENABLE_OBJC_ARC = YES;
				CLANG_ENABLE_OBJC_WEAK = YES;
				CLANG_WARN_BLOCK_CAPTURE_AUTORELEASING = YES;
				CLANG_WARN_BOOL_CONVERSION = YES;
				CLANG_WARN_COMMA = YES;
				CLANG_WARN_CONSTANT_CONVERSION = YES;
				CLANG_WARN_DEPRECATED_OBJC_IMPLEMENTATIONS = YES;
				CLANG_WARN_DIRECT_OBJC_ISA_USAGE = YES_ERROR;
				CLANG_WARN_DOCUMENTATION_COMMENTS = YES;
				CLANG_WARN_EMPTY_BODY = YES;
				CLANG_WARN_ENUM_CONVERSION = YES;
				CLANG_WARN_INFINITE_RECURSION = YES;
				CLANG_WARN_INT_CONVERSION = YES;
				CLANG_WARN_NON_LITERAL_NULL_CONVERSION = YES;
				CLANG_WARN_OBJC_IMPLICIT_RETAIN_SELF = YES;
				CLANG_WARN_OBJC_LITERAL_CONVERSION = YES;
				CLANG_WARN_OBJC_ROOT_CLASS = YES_ERROR;
				CLANG_WARN_RANGE_LOOP_ANALYSIS = YES;
				CLANG_WARN_STRICT_PROTOTYPES = YES;
				CLANG_WARN_SUSPICIOUS_MOVE = YES;
				CLANG_WARN_UNGUARDED_AVAILABILITY = YES_AGGRESSIVE;
				CLANG_WARN_UNREACHABLE_CODE = YES;
				CLANG_WARN__DUPLICATE_METHOD_MATCH = YES;
				CODE_SIGN_IDENTITY = "-";
				COPY_PHASE_STRIP = NO;
				DEBUG_INFORMATION_FORMAT = "dwarf-with-dsym";
				ENABLE_NS_ASSERTIONS = NO;
				ENABLE_STRICT_OBJC_MSGSEND = YES;
				GCC_C_LANGUAGE_STANDARD = gnu11;
				GCC_NO_COMMON_BLOCKS = YES;
				GCC_WARN_64_TO_32_BIT_CONVERSION = YES;
				GCC_WARN_ABOUT_RETURN_TYPE = YES_ERROR;
				GCC_WARN_UNDECLARED_SELECTOR = YES;
				GCC_WARN_UNINITIALIZED_AUTOS = YES_AGGRESSIVE;
				GCC_WARN_UNUSED_FUNCTION = YES;
				GCC_WARN_UNUSED_VARIABLE = YES;
				MACOSX_DEPLOYMENT_TARGET = 10.13;
				MTL_ENABLE_DEBUG_INFO = NO;
				SDKROOT = macosx;
			};
			name = Release;
		};
		54242A312133C7D300457D7E /* Debug */ = {
			isa = XCBuildConfiguration;
			baseConfigurationReference = 9B7EBBE32785FFEC79E7BAC7 /* Pods-ZMTranslation.debug.xcconfig */;
			buildSettings = {
				ASSETCATALOG_COMPILER_APPICON_NAME = AppIcon;
				CODE_SIGN_ENTITLEMENTS = ZMTranslation/ZMTranslation.entitlements;
				CODE_SIGN_STYLE = Automatic;
				COMBINE_HIDPI_IMAGES = YES;
				GCC_PRECOMPILE_PREFIX_HEADER = YES;
				GCC_PREFIX_HEADER = "$(PROJECT_DIR)/$(PROJECT_NAME)/PrefixHeader.pch";
				HEADER_SEARCH_PATHS = (
					"$(inherited)",
					"$(SDKROOT)/usr/include/libxml2",
					"\"${PODS_ROOT}/Headers/Public\"",
					"\"${PODS_ROOT}/Headers/Public/AFNetworking\"",
					"\"${PODS_ROOT}/Headers/Public/Ono\"",
				);
				INFOPLIST_FILE = ZMTranslation/Info.plist;
				LD_RUNPATH_SEARCH_PATHS = (
					"$(inherited)",
					"@executable_path/../Frameworks",
				);
				LIBRARY_SEARCH_PATHS = (
					"$(inherited)",
					"$(PROJECT_DIR)/ZMTranslation/FFmpeg/lib",
					"$(PROJECT_DIR)/FFmpeg/lib",
				);
				PRODUCT_BUNDLE_IDENTIFIER = com.godlike.ZMTranslation;
				PRODUCT_NAME = "$(TARGET_NAME)";
				USER_HEADER_SEARCH_PATHS = "$(PROJECT_DIR)/ZMTranslation/FFmpeg/include";
			};
			name = Debug;
		};
		54242A322133C7D300457D7E /* Release */ = {
			isa = XCBuildConfiguration;
			baseConfigurationReference = CCA77344F75A565C87A52C5C /* Pods-ZMTranslation.release.xcconfig */;
			buildSettings = {
				ASSETCATALOG_COMPILER_APPICON_NAME = AppIcon;
				CODE_SIGN_ENTITLEMENTS = ZMTranslation/ZMTranslation.entitlements;
				CODE_SIGN_STYLE = Automatic;
				COMBINE_HIDPI_IMAGES = YES;
				GCC_PRECOMPILE_PREFIX_HEADER = YES;
				GCC_PREFIX_HEADER = "$(PROJECT_DIR)/$(PROJECT_NAME)/PrefixHeader.pch";
				HEADER_SEARCH_PATHS = (
					"$(inherited)",
					"$(SDKROOT)/usr/include/libxml2",
					"\"${PODS_ROOT}/Headers/Public\"",
					"\"${PODS_ROOT}/Headers/Public/AFNetworking\"",
					"\"${PODS_ROOT}/Headers/Public/Ono\"",
				);
				INFOPLIST_FILE = ZMTranslation/Info.plist;
				LD_RUNPATH_SEARCH_PATHS = (
					"$(inherited)",
					"@executable_path/../Frameworks",
				);
				LIBRARY_SEARCH_PATHS = (
					"$(inherited)",
					"$(PROJECT_DIR)/ZMTranslation/FFmpeg/lib",
					"$(PROJECT_DIR)/ZMTranslation/FFmpeg/include/libx264/lib",
					"$(PROJECT_DIR)/ZMTranslation/FFmpeg/include/libmp3lame/lib",
					"$(PROJECT_DIR)/ZMTranslation/FFmpeg/include/libxvid/lib",
					"$(PROJECT_DIR)/FFmpeg/lib",
				);
				PRODUCT_BUNDLE_IDENTIFIER = com.godlike.ZMTranslation;
				PRODUCT_NAME = "$(TARGET_NAME)";
				USER_HEADER_SEARCH_PATHS = "$(PROJECT_DIR)/ZMTranslation/FFmpeg/include";
			};
			name = Release;
		};
/* End XCBuildConfiguration section */

/* Begin XCConfigurationList section */
		54242A172133C7D200457D7E /* Build configuration list for PBXProject "ZMTranslation" */ = {
			isa = XCConfigurationList;
			buildConfigurations = (
				54242A2E2133C7D300457D7E /* Debug */,
				54242A2F2133C7D300457D7E /* Release */,
			);
			defaultConfigurationIsVisible = 0;
			defaultConfigurationName = Release;
		};
		54242A302133C7D300457D7E /* Build configuration list for PBXNativeTarget "ZMTranslation" */ = {
			isa = XCConfigurationList;
			buildConfigurations = (
				54242A312133C7D300457D7E /* Debug */,
				54242A322133C7D300457D7E /* Release */,
			);
			defaultConfigurationIsVisible = 0;
			defaultConfigurationName = Release;
		};
/* End XCConfigurationList section */
	};
	rootObject = 54242A142133C7D200457D7E /* Project object */;
}
